// !$*UTF8*$!
{
	archiveVersion = 1;
	classes = {
	};
	objectVersion = 45;
	objects = {

/* Begin PBXBuildFile section */
		1D3623260D0F684500981E51 /* LuckyNumbersAppDelegate.m in Sources */ = {isa = PBXBuildFile; fileRef = 1D3623250D0F684500981E51 /* LuckyNumbersAppDelegate.m */; };
		1D60589B0D05DD56006BFB54 /* main.m in Sources */ = {isa = PBXBuildFile; fileRef = 29B97316FDCFA39411CA2CEA /* main.m */; };
		1D60589F0D05DD5A006BFB54 /* Foundation.framework in Frameworks */ = {isa = PBXBuildFile; fileRef = 1D30AB110D05D00D00671497 /* Foundation.framework */; };
		1DF5F4E00D08C38300B7A737 /* UIKit.framework in Frameworks */ = {isa = PBXBuildFile; fileRef = 1DF5F4DF0D08C38300B7A737 /* UIKit.framework */; };
		288765A50DF7441C002DB57D /* CoreGraphics.framework in Frameworks */ = {isa = PBXBuildFile; fileRef = 288765A40DF7441C002DB57D /* CoreGraphics.framework */; };
		2899E5220DE3E06400AC0155 /* LuckyNumbersViewController.xib in Resources */ = {isa = PBXBuildFile; fileRef = 2899E5210DE3E06400AC0155 /* LuckyNumbersViewController.xib */; };
		28AD733F0D9D9553002E5188 /* MainWindow.xib in Resources */ = {isa = PBXBuildFile; fileRef = 28AD733E0D9D9553002E5188 /* MainWindow.xib */; };
		28D7ACF80DDB3853001CB0EB /* LuckyNumbersViewController.m in Sources */ = {isa = PBXBuildFile; fileRef = 28D7ACF70DDB3853001CB0EB /* LuckyNumbersViewController.m */; };
		C74107B41282A17300E71767 /* TableViewController.m in Sources */ = {isa = PBXBuildFile; fileRef = C74107B21282A17300E71767 /* TableViewController.m */; };
		C74107B51282A17300E71767 /* TableViewController.xib in Resources */ = {isa = PBXBuildFile; fileRef = C74107B31282A17300E71767 /* TableViewController.xib */; };
		C74108371282AD5F00E71767 /* MapViewController.m in Sources */ = {isa = PBXBuildFile; fileRef = C74108351282AD5F00E71767 /* MapViewController.m */; };
		C74108381282AD5F00E71767 /* MapViewController.xib in Resources */ = {isa = PBXBuildFile; fileRef = C74108361282AD5F00E71767 /* MapViewController.xib */; };
		C74108931282AD9400E71767 /* MapKit.framework in Frameworks */ = {isa = PBXBuildFile; fileRef = C74108921282AD9400E71767 /* MapKit.framework */; };
		C74108BE1282B1C400E71767 /* CoreLocation.framework in Frameworks */ = {isa = PBXBuildFile; fileRef = C74108BD1282B1C400E71767 /* CoreLocation.framework */; };
		C764B13C1284F0C0009D031B /* ASINetworkQueue.m in Sources */ = {isa = PBXBuildFile; fileRef = C764B12D1284F0C0009D031B /* ASINetworkQueue.m */; };
		C764B13D1284F0C0009D031B /* ASIInputStream.m in Sources */ = {isa = PBXBuildFile; fileRef = C764B12F1284F0C0009D031B /* ASIInputStream.m */; };
		C764B13E1284F0C0009D031B /* ASIHTTPRequest.m in Sources */ = {isa = PBXBuildFile; fileRef = C764B1331284F0C0009D031B /* ASIHTTPRequest.m */; };
		C764B13F1284F0C0009D031B /* ASIFormDataRequest.m in Sources */ = {isa = PBXBuildFile; fileRef = C764B1351284F0C0009D031B /* ASIFormDataRequest.m */; };
		C764B1401284F0C0009D031B /* ASIDownloadCache.m in Sources */ = {isa = PBXBuildFile; fileRef = C764B1371284F0C0009D031B /* ASIDownloadCache.m */; };
		C764B1411284F0C0009D031B /* ASIAuthenticationDialog.m in Sources */ = {isa = PBXBuildFile; fileRef = C764B13A1284F0C0009D031B /* ASIAuthenticationDialog.m */; };
		C764B1461284F130009D031B /* Reachability.m in Sources */ = {isa = PBXBuildFile; fileRef = C764B1451284F130009D031B /* Reachability.m */; };
		C764B15C1284F1CF009D031B /* CFNetwork.framework in Frameworks */ = {isa = PBXBuildFile; fileRef = C764B15B1284F1CF009D031B /* CFNetwork.framework */; };
		C764B15E1284F1EA009D031B /* SystemConfiguration.framework in Frameworks */ = {isa = PBXBuildFile; fileRef = C764B15D1284F1EA009D031B /* SystemConfiguration.framework */; };
		C764B1601284F1F5009D031B /* MobileCoreServices.framework in Frameworks */ = {isa = PBXBuildFile; fileRef = C764B15F1284F1F5009D031B /* MobileCoreServices.framework */; };
		C764B1621284F222009D031B /* libz.1.2.3.dylib in Frameworks */ = {isa = PBXBuildFile; fileRef = C764B1611284F222009D031B /* libz.1.2.3.dylib */; };
		C764B4E712854A93009D031B /* SetupViewController.m in Sources */ = {isa = PBXBuildFile; fileRef = C764B4E512854A93009D031B /* SetupViewController.m */; };
		C764B4E812854A93009D031B /* SetupViewController.xib in Resources */ = {isa = PBXBuildFile; fileRef = C764B4E612854A93009D031B /* SetupViewController.xib */; };
		C7F94910127E5D600018D279 /* NSObject+SBJSON.m in Sources */ = {isa = PBXBuildFile; fileRef = C7F94907127E5D600018D279 /* NSObject+SBJSON.m */; };
		C7F94911127E5D600018D279 /* NSString+SBJSON.m in Sources */ = {isa = PBXBuildFile; fileRef = C7F94909127E5D600018D279 /* NSString+SBJSON.m */; };
		C7F94912127E5D600018D279 /* SBJsonBase.m in Sources */ = {isa = PBXBuildFile; fileRef = C7F9490B127E5D600018D279 /* SBJsonBase.m */; };
		C7F94913127E5D600018D279 /* SBJsonParser.m in Sources */ = {isa = PBXBuildFile; fileRef = C7F9490D127E5D600018D279 /* SBJsonParser.m */; };
		C7F94914127E5D600018D279 /* SBJsonWriter.m in Sources */ = {isa = PBXBuildFile; fileRef = C7F9490F127E5D600018D279 /* SBJsonWriter.m */; };
/* End PBXBuildFile section */

/* Begin PBXFileReference section */
		1D30AB110D05D00D00671497 /* Foundation.framework */ = {isa = PBXFileReference; lastKnownFileType = wrapper.framework; name = Foundation.framework; path = System/Library/Frameworks/Foundation.framework; sourceTree = SDKROOT; };
		1D3623240D0F684500981E51 /* LuckyNumbersAppDelegate.h */ = {isa = PBXFileReference; fileEncoding = 4; lastKnownFileType = sourcecode.c.h; path = LuckyNumbersAppDelegate.h; sourceTree = "<group>"; };
		1D3623250D0F684500981E51 /* LuckyNumbersAppDelegate.m */ = {isa = PBXFileReference; fileEncoding = 4; lastKnownFileType = sourcecode.c.objc; path = LuckyNumbersAppDelegate.m; sourceTree = "<group>"; };
		1D6058910D05DD3D006BFB54 /* LuckyNumbers.app */ = {isa = PBXFileReference; explicitFileType = wrapper.application; includeInIndex = 0; path = LuckyNumbers.app; sourceTree = BUILT_PRODUCTS_DIR; };
		1DF5F4DF0D08C38300B7A737 /* UIKit.framework */ = {isa = PBXFileReference; lastKnownFileType = wrapper.framework; name = UIKit.framework; path = System/Library/Frameworks/UIKit.framework; sourceTree = SDKROOT; };
		288765A40DF7441C002DB57D /* CoreGraphics.framework */ = {isa = PBXFileReference; lastKnownFileType = wrapper.framework; name = CoreGraphics.framework; path = System/Library/Frameworks/CoreGraphics.framework; sourceTree = SDKROOT; };
		2899E5210DE3E06400AC0155 /* LuckyNumbersViewController.xib */ = {isa = PBXFileReference; lastKnownFileType = file.xib; path = LuckyNumbersViewController.xib; sourceTree = "<group>"; };
		28AD733E0D9D9553002E5188 /* MainWindow.xib */ = {isa = PBXFileReference; lastKnownFileType = file.xib; path = MainWindow.xib; sourceTree = "<group>"; };
		28D7ACF60DDB3853001CB0EB /* LuckyNumbersViewController.h */ = {isa = PBXFileReference; fileEncoding = 4; lastKnownFileType = sourcecode.c.h; path = LuckyNumbersViewController.h; sourceTree = "<group>"; };
		28D7ACF70DDB3853001CB0EB /* LuckyNumbersViewController.m */ = {isa = PBXFileReference; fileEncoding = 4; lastKnownFileType = sourcecode.c.objc; path = LuckyNumbersViewController.m; sourceTree = "<group>"; };
		29B97316FDCFA39411CA2CEA /* main.m */ = {isa = PBXFileReference; fileEncoding = 4; lastKnownFileType = sourcecode.c.objc; path = main.m; sourceTree = "<group>"; };
		32CA4F630368D1EE00C91783 /* LuckyNumbers_Prefix.pch */ = {isa = PBXFileReference; fileEncoding = 4; lastKnownFileType = sourcecode.c.h; path = LuckyNumbers_Prefix.pch; sourceTree = "<group>"; };
		8D1107310486CEB800E47090 /* LuckyNumbers-Info.plist */ = {isa = PBXFileReference; fileEncoding = 4; lastKnownFileType = text.plist.xml; path = "LuckyNumbers-Info.plist"; plistStructureDefinitionIdentifier = "com.apple.xcode.plist.structure-definition.iphone.info-plist"; sourceTree = "<group>"; };
		C74107B11282A17300E71767 /* TableViewController.h */ = {isa = PBXFileReference; fileEncoding = 4; lastKnownFileType = sourcecode.c.h; path = TableViewController.h; sourceTree = "<group>"; };
		C74107B21282A17300E71767 /* TableViewController.m */ = {isa = PBXFileReference; fileEncoding = 4; lastKnownFileType = sourcecode.c.objc; path = TableViewController.m; sourceTree = "<group>"; };
		C74107B31282A17300E71767 /* TableViewController.xib */ = {isa = PBXFileReference; lastKnownFileType = file.xib; name = TableViewController.xib; path = Classes/TableViewController.xib; sourceTree = "<group>"; };
		C74108341282AD5F00E71767 /* MapViewController.h */ = {isa = PBXFileReference; fileEncoding = 4; lastKnownFileType = sourcecode.c.h; path = MapViewController.h; sourceTree = "<group>"; };
		C74108351282AD5F00E71767 /* MapViewController.m */ = {isa = PBXFileReference; fileEncoding = 4; lastKnownFileType = sourcecode.c.objc; path = MapViewController.m; sourceTree = "<group>"; };
		C74108361282AD5F00E71767 /* MapViewController.xib */ = {isa = PBXFileReference; lastKnownFileType = file.xib; name = MapViewController.xib; path = Classes/MapViewController.xib; sourceTree = "<group>"; };
		C74108921282AD9400E71767 /* MapKit.framework */ = {isa = PBXFileReference; lastKnownFileType = wrapper.framework; name = MapKit.framework; path = System/Library/Frameworks/MapKit.framework; sourceTree = SDKROOT; };
		C74108BD1282B1C400E71767 /* CoreLocation.framework */ = {isa = PBXFileReference; lastKnownFileType = wrapper.framework; name = CoreLocation.framework; path = System/Library/Frameworks/CoreLocation.framework; sourceTree = SDKROOT; };
		C764B12C1284F0C0009D031B /* ASIProgressDelegate.h */ = {isa = PBXFileReference; fileEncoding = 4; lastKnownFileType = sourcecode.c.h; path = ASIProgressDelegate.h; sourceTree = "<group>"; };
		C764B12D1284F0C0009D031B /* ASINetworkQueue.m */ = {isa = PBXFileReference; fileEncoding = 4; lastKnownFileType = sourcecode.c.objc; path = ASINetworkQueue.m; sourceTree = "<group>"; };
		C764B12E1284F0C0009D031B /* ASINetworkQueue.h */ = {isa = PBXFileReference; fileEncoding = 4; lastKnownFileType = sourcecode.c.h; path = ASINetworkQueue.h; sourceTree = "<group>"; };
		C764B12F1284F0C0009D031B /* ASIInputStream.m */ = {isa = PBXFileReference; fileEncoding = 4; lastKnownFileType = sourcecode.c.objc; path = ASIInputStream.m; sourceTree = "<group>"; };
		C764B1301284F0C0009D031B /* ASIInputStream.h */ = {isa = PBXFileReference; fileEncoding = 4; lastKnownFileType = sourcecode.c.h; path = ASIInputStream.h; sourceTree = "<group>"; };
		C764B1311284F0C0009D031B /* ASIHTTPRequestDelegate.h */ = {isa = PBXFileReference; fileEncoding = 4; lastKnownFileType = sourcecode.c.h; path = ASIHTTPRequestDelegate.h; sourceTree = "<group>"; };
		C764B1321284F0C0009D031B /* ASIHTTPRequestConfig.h */ = {isa = PBXFileReference; fileEncoding = 4; lastKnownFileType = sourcecode.c.h; path = ASIHTTPRequestConfig.h; sourceTree = "<group>"; };
		C764B1331284F0C0009D031B /* ASIHTTPRequest.m */ = {isa = PBXFileReference; fileEncoding = 4; lastKnownFileType = sourcecode.c.objc; path = ASIHTTPRequest.m; sourceTree = "<group>"; };
		C764B1341284F0C0009D031B /* ASIHTTPRequest.h */ = {isa = PBXFileReference; fileEncoding = 4; lastKnownFileType = sourcecode.c.h; path = ASIHTTPRequest.h; sourceTree = "<group>"; };
		C764B1351284F0C0009D031B /* ASIFormDataRequest.m */ = {isa = PBXFileReference; fileEncoding = 4; lastKnownFileType = sourcecode.c.objc; path = ASIFormDataRequest.m; sourceTree = "<group>"; };
		C764B1361284F0C0009D031B /* ASIFormDataRequest.h */ = {isa = PBXFileReference; fileEncoding = 4; lastKnownFileType = sourcecode.c.h; path = ASIFormDataRequest.h; sourceTree = "<group>"; };
		C764B1371284F0C0009D031B /* ASIDownloadCache.m */ = {isa = PBXFileReference; fileEncoding = 4; lastKnownFileType = sourcecode.c.objc; path = ASIDownloadCache.m; sourceTree = "<group>"; };
		C764B1381284F0C0009D031B /* ASIDownloadCache.h */ = {isa = PBXFileReference; fileEncoding = 4; lastKnownFileType = sourcecode.c.h; path = ASIDownloadCache.h; sourceTree = "<group>"; };
		C764B1391284F0C0009D031B /* ASICacheDelegate.h */ = {isa = PBXFileReference; fileEncoding = 4; lastKnownFileType = sourcecode.c.h; path = ASICacheDelegate.h; sourceTree = "<group>"; };
		C764B13A1284F0C0009D031B /* ASIAuthenticationDialog.m */ = {isa = PBXFileReference; fileEncoding = 4; lastKnownFileType = sourcecode.c.objc; path = ASIAuthenticationDialog.m; sourceTree = "<group>"; };
		C764B13B1284F0C0009D031B /* ASIAuthenticationDialog.h */ = {isa = PBXFileReference; fileEncoding = 4; lastKnownFileType = sourcecode.c.h; path = ASIAuthenticationDialog.h; sourceTree = "<group>"; };
		C764B1441284F130009D031B /* Reachability.h */ = {isa = PBXFileReference; fileEncoding = 4; lastKnownFileType = sourcecode.c.h; path = Reachability.h; sourceTree = "<group>"; };
		C764B1451284F130009D031B /* Reachability.m */ = {isa = PBXFileReference; fileEncoding = 4; lastKnownFileType = sourcecode.c.objc; path = Reachability.m; sourceTree = "<group>"; };
		C764B15B1284F1CF009D031B /* CFNetwork.framework */ = {isa = PBXFileReference; lastKnownFileType = wrapper.framework; name = CFNetwork.framework; path = System/Library/Frameworks/CFNetwork.framework; sourceTree = SDKROOT; };
		C764B15D1284F1EA009D031B /* SystemConfiguration.framework */ = {isa = PBXFileReference; lastKnownFileType = wrapper.framework; name = SystemConfiguration.framework; path = System/Library/Frameworks/SystemConfiguration.framework; sourceTree = SDKROOT; };
		C764B15F1284F1F5009D031B /* MobileCoreServices.framework */ = {isa = PBXFileReference; lastKnownFileType = wrapper.framework; name = MobileCoreServices.framework; path = System/Library/Frameworks/MobileCoreServices.framework; sourceTree = SDKROOT; };
		C764B1611284F222009D031B /* libz.1.2.3.dylib */ = {isa = PBXFileReference; lastKnownFileType = "compiled.mach-o.dylib"; name = libz.1.2.3.dylib; path = usr/lib/libz.1.2.3.dylib; sourceTree = SDKROOT; };
		C764B4E412854A93009D031B /* SetupViewController.h */ = {isa = PBXFileReference; fileEncoding = 4; lastKnownFileType = sourcecode.c.h; path = SetupViewController.h; sourceTree = "<group>"; };
		C764B4E512854A93009D031B /* SetupViewController.m */ = {isa = PBXFileReference; fileEncoding = 4; lastKnownFileType = sourcecode.c.objc; path = SetupViewController.m; sourceTree = "<group>"; };
		C764B4E612854A93009D031B /* SetupViewController.xib */ = {isa = PBXFileReference; lastKnownFileType = file.xib; path = SetupViewController.xib; sourceTree = "<group>"; };
		C7F94905127E5D600018D279 /* JSON.h */ = {isa = PBXFileReference; fileEncoding = 4; lastKnownFileType = sourcecode.c.h; path = JSON.h; sourceTree = "<group>"; };
		C7F94906127E5D600018D279 /* NSObject+SBJSON.h */ = {isa = PBXFileReference; fileEncoding = 4; lastKnownFileType = sourcecode.c.h; path = "NSObject+SBJSON.h"; sourceTree = "<group>"; };
		C7F94907127E5D600018D279 /* NSObject+SBJSON.m */ = {isa = PBXFileReference; fileEncoding = 4; lastKnownFileType = sourcecode.c.objc; path = "NSObject+SBJSON.m"; sourceTree = "<group>"; };
		C7F94908127E5D600018D279 /* NSString+SBJSON.h */ = {isa = PBXFileReference; fileEncoding = 4; lastKnownFileType = sourcecode.c.h; path = "NSString+SBJSON.h"; sourceTree = "<group>"; };
		C7F94909127E5D600018D279 /* NSString+SBJSON.m */ = {isa = PBXFileReference; fileEncoding = 4; lastKnownFileType = sourcecode.c.objc; path = "NSString+SBJSON.m"; sourceTree = "<group>"; };
		C7F9490A127E5D600018D279 /* SBJsonBase.h */ = {isa = PBXFileReference; fileEncoding = 4; lastKnownFileType = sourcecode.c.h; path = SBJsonBase.h; sourceTree = "<group>"; };
		C7F9490B127E5D600018D279 /* SBJsonBase.m */ = {isa = PBXFileReference; fileEncoding = 4; lastKnownFileType = sourcecode.c.objc; path = SBJsonBase.m; sourceTree = "<group>"; };
		C7F9490C127E5D600018D279 /* SBJsonParser.h */ = {isa = PBXFileReference; fileEncoding = 4; lastKnownFileType = sourcecode.c.h; path = SBJsonParser.h; sourceTree = "<group>"; };
		C7F9490D127E5D600018D279 /* SBJsonParser.m */ = {isa = PBXFileReference; fileEncoding = 4; lastKnownFileType = sourcecode.c.objc; path = SBJsonParser.m; sourceTree = "<group>"; };
		C7F9490E127E5D600018D279 /* SBJsonWriter.h */ = {isa = PBXFileReference; fileEncoding = 4; lastKnownFileType = sourcecode.c.h; path = SBJsonWriter.h; sourceTree = "<group>"; };
		C7F9490F127E5D600018D279 /* SBJsonWriter.m */ = {isa = PBXFileReference; fileEncoding = 4; lastKnownFileType = sourcecode.c.objc; path = SBJsonWriter.m; sourceTree = "<group>"; };
/* End PBXFileReference section */

/* Begin PBXFrameworksBuildPhase section */
		1D60588F0D05DD3D006BFB54 /* Frameworks */ = {
			isa = PBXFrameworksBuildPhase;
			buildActionMask = 2147483647;
			files = (
				1D60589F0D05DD5A006BFB54 /* Foundation.framework in Frameworks */,
				1DF5F4E00D08C38300B7A737 /* UIKit.framework in Frameworks */,
				288765A50DF7441C002DB57D /* CoreGraphics.framework in Frameworks */,
				C74108931282AD9400E71767 /* MapKit.framework in Frameworks */,
				C74108BE1282B1C400E71767 /* CoreLocation.framework in Frameworks */,
				C764B15C1284F1CF009D031B /* CFNetwork.framework in Frameworks */,
				C764B15E1284F1EA009D031B /* SystemConfiguration.framework in Frameworks */,
				C764B1601284F1F5009D031B /* MobileCoreServices.framework in Frameworks */,
				C764B1621284F222009D031B /* libz.1.2.3.dylib in Frameworks */,
			);
			runOnlyForDeploymentPostprocessing = 0;
		};
/* End PBXFrameworksBuildPhase section */

/* Begin PBXGroup section */
		080E96DDFE201D6D7F000001 /* Classes */ = {
			isa = PBXGroup;
			children = (
				C764B1471284F187009D031B /* External */,
				C764B1271284F08C009D031B /* ASIHTTPRequest */,
				C7F94904127E5D600018D279 /* JSON */,
				1D3623240D0F684500981E51 /* LuckyNumbersAppDelegate.h */,
				28D7ACF60DDB3853001CB0EB /* LuckyNumbersViewController.h */,
				1D3623250D0F684500981E51 /* LuckyNumbersAppDelegate.m */,
				28D7ACF70DDB3853001CB0EB /* LuckyNumbersViewController.m */,
				C74107B11282A17300E71767 /* TableViewController.h */,
				C74107B21282A17300E71767 /* TableViewController.m */,
				C74108341282AD5F00E71767 /* MapViewController.h */,
				C74108351282AD5F00E71767 /* MapViewController.m */,
				C764B4E412854A93009D031B /* SetupViewController.h */,
				C764B4E512854A93009D031B /* SetupViewController.m */,
				C764B4E612854A93009D031B /* SetupViewController.xib */,
			);
			path = Classes;
			sourceTree = "<group>";
		};
		19C28FACFE9D520D11CA2CBB /* Products */ = {
			isa = PBXGroup;
			children = (
				1D6058910D05DD3D006BFB54 /* LuckyNumbers.app */,
			);
			name = Products;
			sourceTree = "<group>";
		};
		29B97314FDCFA39411CA2CEA /* CustomTemplate */ = {
			isa = PBXGroup;
			children = (
				080E96DDFE201D6D7F000001 /* Classes */,
				29B97315FDCFA39411CA2CEA /* Other Sources */,
				29B97317FDCFA39411CA2CEA /* Resources */,
				29B97323FDCFA39411CA2CEA /* Frameworks */,
				19C28FACFE9D520D11CA2CBB /* Products */,
				C764B15B1284F1CF009D031B /* CFNetwork.framework */,
				C764B15D1284F1EA009D031B /* SystemConfiguration.framework */,
				C764B15F1284F1F5009D031B /* MobileCoreServices.framework */,
				C764B1611284F222009D031B /* libz.1.2.3.dylib */,
			);
			name = CustomTemplate;
			sourceTree = "<group>";
		};
		29B97315FDCFA39411CA2CEA /* Other Sources */ = {
			isa = PBXGroup;
			children = (
				32CA4F630368D1EE00C91783 /* LuckyNumbers_Prefix.pch */,
				29B97316FDCFA39411CA2CEA /* main.m */,
			);
			name = "Other Sources";
			sourceTree = "<group>";
		};
		29B97317FDCFA39411CA2CEA /* Resources */ = {
			isa = PBXGroup;
			children = (
				C74108361282AD5F00E71767 /* MapViewController.xib */,
				C74107B31282A17300E71767 /* TableViewController.xib */,
				2899E5210DE3E06400AC0155 /* LuckyNumbersViewController.xib */,
				28AD733E0D9D9553002E5188 /* MainWindow.xib */,
				8D1107310486CEB800E47090 /* LuckyNumbers-Info.plist */,
			);
			name = Resources;
			sourceTree = "<group>";
		};
		29B97323FDCFA39411CA2CEA /* Frameworks */ = {
			isa = PBXGroup;
			children = (
				1DF5F4DF0D08C38300B7A737 /* UIKit.framework */,
				1D30AB110D05D00D00671497 /* Foundation.framework */,
				288765A40DF7441C002DB57D /* CoreGraphics.framework */,
				C74108921282AD9400E71767 /* MapKit.framework */,
				C74108BD1282B1C400E71767 /* CoreLocation.framework */,
			);
			name = Frameworks;
			sourceTree = "<group>";
		};
		C764B1271284F08C009D031B /* ASIHTTPRequest */ = {
			isa = PBXGroup;
			children = (
				C764B12C1284F0C0009D031B /* ASIProgressDelegate.h */,
				C764B12D1284F0C0009D031B /* ASINetworkQueue.m */,
				C764B12E1284F0C0009D031B /* ASINetworkQueue.h */,
				C764B12F1284F0C0009D031B /* ASIInputStream.m */,
				C764B1301284F0C0009D031B /* ASIInputStream.h */,
				C764B1311284F0C0009D031B /* ASIHTTPRequestDelegate.h */,
				C764B1321284F0C0009D031B /* ASIHTTPRequestConfig.h */,
				C764B1331284F0C0009D031B /* ASIHTTPRequest.m */,
				C764B1341284F0C0009D031B /* ASIHTTPRequest.h */,
				C764B1351284F0C0009D031B /* ASIFormDataRequest.m */,
				C764B1361284F0C0009D031B /* ASIFormDataRequest.h */,
				C764B1371284F0C0009D031B /* ASIDownloadCache.m */,
				C764B1381284F0C0009D031B /* ASIDownloadCache.h */,
				C764B1391284F0C0009D031B /* ASICacheDelegate.h */,
				C764B13A1284F0C0009D031B /* ASIAuthenticationDialog.m */,
				C764B13B1284F0C0009D031B /* ASIAuthenticationDialog.h */,
			);
			name = ASIHTTPRequest;
			sourceTree = "<group>";
		};
		C764B1431284F130009D031B /* Reachability */ = {
			isa = PBXGroup;
			children = (
				C764B1441284F130009D031B /* Reachability.h */,
				C764B1451284F130009D031B /* Reachability.m */,
			);
			path = Reachability;
			sourceTree = "<group>";
		};
		C764B1471284F187009D031B /* External */ = {
			isa = PBXGroup;
			children = (
				C764B1431284F130009D031B /* Reachability */,
			);
			name = External;
			sourceTree = "<group>";
		};
		C7F94904127E5D600018D279 /* JSON */ = {
			isa = PBXGroup;
			children = (
				C7F94905127E5D600018D279 /* JSON.h */,
				C7F94906127E5D600018D279 /* NSObject+SBJSON.h */,
				C7F94907127E5D600018D279 /* NSObject+SBJSON.m */,
				C7F94908127E5D600018D279 /* NSString+SBJSON.h */,
				C7F94909127E5D600018D279 /* NSString+SBJSON.m */,
				C7F9490A127E5D600018D279 /* SBJsonBase.h */,
				C7F9490B127E5D600018D279 /* SBJsonBase.m */,
				C7F9490C127E5D600018D279 /* SBJsonParser.h */,
				C7F9490D127E5D600018D279 /* SBJsonParser.m */,
				C7F9490E127E5D600018D279 /* SBJsonWriter.h */,
				C7F9490F127E5D600018D279 /* SBJsonWriter.m */,
			);
			name = JSON;
			path = Classes;
			sourceTree = "<group>";
		};
/* End PBXGroup section */

/* Begin PBXNativeTarget section */
		1D6058900D05DD3D006BFB54 /* LuckyNumbers */ = {
			isa = PBXNativeTarget;
			buildConfigurationList = 1D6058960D05DD3E006BFB54 /* Build configuration list for PBXNativeTarget "LuckyNumbers" */;
			buildPhases = (
				1D60588D0D05DD3D006BFB54 /* Resources */,
				1D60588E0D05DD3D006BFB54 /* Sources */,
				1D60588F0D05DD3D006BFB54 /* Frameworks */,
			);
			buildRules = (
			);
			dependencies = (
			);
			name = LuckyNumbers;
			productName = LuckyNumbers;
			productReference = 1D6058910D05DD3D006BFB54 /* LuckyNumbers.app */;
			productType = "com.apple.product-type.application";
		};
/* End PBXNativeTarget section */

/* Begin PBXProject section */
		29B97313FDCFA39411CA2CEA /* Project object */ = {
			isa = PBXProject;
			buildConfigurationList = C01FCF4E08A954540054247B /* Build configuration list for PBXProject "LuckyNumbers" */;
			compatibilityVersion = "Xcode 3.1";
			developmentRegion = English;
			hasScannedForEncodings = 1;
			knownRegions = (
				English,
				Japanese,
				French,
				German,
			);
			mainGroup = 29B97314FDCFA39411CA2CEA /* CustomTemplate */;
			projectDirPath = "";
			projectRoot = "";
			targets = (
				1D6058900D05DD3D006BFB54 /* LuckyNumbers */,
			);
		};
/* End PBXProject section */

/* Begin PBXResourcesBuildPhase section */
		1D60588D0D05DD3D006BFB54 /* Resources */ = {
			isa = PBXResourcesBuildPhase;
			buildActionMask = 2147483647;
			files = (
				28AD733F0D9D9553002E5188 /* MainWindow.xib in Resources */,
				2899E5220DE3E06400AC0155 /* LuckyNumbersViewController.xib in Resources */,
				C74107B51282A17300E71767 /* TableViewController.xib in Resources */,
				C74108381282AD5F00E71767 /* MapViewController.xib in Resources */,
				C764B4E812854A93009D031B /* SetupViewController.xib in Resources */,
			);
			runOnlyForDeploymentPostprocessing = 0;
		};
/* End PBXResourcesBuildPhase section */

/* Begin PBXSourcesBuildPhase section */
		1D60588E0D05DD3D006BFB54 /* Sources */ = {
			isa = PBXSourcesBuildPhase;
			buildActionMask = 2147483647;
			files = (
				1D60589B0D05DD56006BFB54 /* main.m in Sources */,
				1D3623260D0F684500981E51 /* LuckyNumbersAppDelegate.m in Sources */,
				28D7ACF80DDB3853001CB0EB /* LuckyNumbersViewController.m in Sources */,
				C7F94910127E5D600018D279 /* NSObject+SBJSON.m in Sources */,
				C7F94911127E5D600018D279 /* NSString+SBJSON.m in Sources */,
				C7F94912127E5D600018D279 /* SBJsonBase.m in Sources */,
				C7F94913127E5D600018D279 /* SBJsonParser.m in Sources */,
				C7F94914127E5D600018D279 /* SBJsonWriter.m in Sources */,
				C74107B41282A17300E71767 /* TableViewController.m in Sources */,
				C74108371282AD5F00E71767 /* MapViewController.m in Sources */,
				C764B13C1284F0C0009D031B /* ASINetworkQueue.m in Sources */,
				C764B13D1284F0C0009D031B /* ASIInputStream.m in Sources */,
				C764B13E1284F0C0009D031B /* ASIHTTPRequest.m in Sources */,
				C764B13F1284F0C0009D031B /* ASIFormDataRequest.m in Sources */,
				C764B1401284F0C0009D031B /* ASIDownloadCache.m in Sources */,
				C764B1411284F0C0009D031B /* ASIAuthenticationDialog.m in Sources */,
				C764B1461284F130009D031B /* Reachability.m in Sources */,
				C764B4E712854A93009D031B /* SetupViewController.m in Sources */,
			);
			runOnlyForDeploymentPostprocessing = 0;
		};
/* End PBXSourcesBuildPhase section */

/* Begin XCBuildConfiguration section */
		1D6058940D05DD3E006BFB54 /* Debug */ = {
			isa = XCBuildConfiguration;
			buildSettings = {
				ALWAYS_SEARCH_USER_PATHS = NO;
				COPY_PHASE_STRIP = NO;
				GCC_DYNAMIC_NO_PIC = NO;
				GCC_GENERATE_TEST_COVERAGE_FILES = YES;
				GCC_INSTRUMENT_PROGRAM_FLOW_ARCS = YES;
				GCC_OPTIMIZATION_LEVEL = 0;
				GCC_PRECOMPILE_PREFIX_HEADER = YES;
				GCC_PREFIX_HEADER = LuckyNumbers_Prefix.pch;
				INFOPLIST_FILE = "LuckyNumbers-Info.plist";
				OTHER_LDFLAGS = (
					"$(inherited)",
					"-lgcov",
				);
				PRODUCT_NAME = LuckyNumbers;
			};
			name = Debug;
		};
		1D6058950D05DD3E006BFB54 /* Release */ = {
			isa = XCBuildConfiguration;
			buildSettings = {
				ALWAYS_SEARCH_USER_PATHS = NO;
				COPY_PHASE_STRIP = YES;
				GCC_PRECOMPILE_PREFIX_HEADER = YES;
				GCC_PREFIX_HEADER = LuckyNumbers_Prefix.pch;
				INFOPLIST_FILE = "LuckyNumbers-Info.plist";
				PRODUCT_NAME = LuckyNumbers;
				VALIDATE_PRODUCT = YES;
			};
			name = Release;
		};
		C01FCF4F08A954540054247B /* Debug */ = {
			isa = XCBuildConfiguration;
			buildSettings = {
				ARCHS = "$(ARCHS_STANDARD_32_BIT)";
				"CODE_SIGN_IDENTITY[sdk=iphoneos*]" = "iPhone Developer";
				GCC_C_LANGUAGE_STANDARD = c99;
				GCC_GENERATE_TEST_COVERAGE_FILES = YES;
				GCC_INSTRUMENT_PROGRAM_FLOW_ARCS = YES;
				GCC_WARN_ABOUT_RETURN_TYPE = YES;
				GCC_WARN_UNUSED_VARIABLE = YES;
				PREBINDING = NO;
				SDKROOT = iphonesimulator4.1;
			};
			name = Debug;
		};
		C01FCF5008A954540054247B /* Release */ = {
			isa = XCBuildConfiguration;
			buildSettings = {
				ARCHS = "$(ARCHS_STANDARD_32_BIT)";
				"CODE_SIGN_IDENTITY[sdk=iphoneos*]" = "iPhone Developer";
				GCC_C_LANGUAGE_STANDARD = c99;
				GCC_GENERATE_TEST_COVERAGE_FILES = YES;
				GCC_INSTRUMENT_PROGRAM_FLOW_ARCS = YES;
				GCC_WARN_ABOUT_RETURN_TYPE = YES;
				GCC_WARN_UNUSED_VARIABLE = YES;
				OTHER_CFLAGS = "-DNS_BLOCK_ASSERTIONS=1";
				PREBINDING = NO;
				SDKROOT = iphonesimulator4.1;
			};
			name = Release;
		};
/* End XCBuildConfiguration section */

/* Begin XCConfigurationList section */
		1D6058960D05DD3E006BFB54 /* Build configuration list for PBXNativeTarget "LuckyNumbers" */ = {
			isa = XCConfigurationList;
			buildConfigurations = (
				1D6058940D05DD3E006BFB54 /* Debug */,
				1D6058950D05DD3E006BFB54 /* Release */,
			);
			defaultConfigurationIsVisible = 0;
			defaultConfigurationName = Release;
		};
		C01FCF4E08A954540054247B /* Build configuration list for PBXProject "LuckyNumbers" */ = {
			isa = XCConfigurationList;
			buildConfigurations = (
				C01FCF4F08A954540054247B /* Debug */,
				C01FCF5008A954540054247B /* Release */,
			);
			defaultConfigurationIsVisible = 0;
			defaultConfigurationName = Release;
		};
/* End XCConfigurationList section */
	};
	rootObject = 29B97313FDCFA39411CA2CEA /* Project object */;
}
